
Microsoft Visual Studio Solution File, Format Version 12.00
# Visual Studio Version 17
VisualStudioVersion = 17.14.36518.9 d17.14
MinimumVisualStudioVersion = 10.0.40219.1
Project("{FAE04EC0-301F-11D3-BF4B-00C04F79EFBC}") = "cs CL 2", "cs CL 2\cs CL 2.csproj", "{0CDC0C48-29B5-4CC5-8182-8E6B1F791E3B}"
EndProject
Global
	GlobalSection(SolutionConfigurationPlatforms) = preSolution
		Debug|Any CPU = Debug|Any CPU
		Release|Any CPU = Release|Any CPU
	EndGlobalSection
	GlobalSection(ProjectConfigurationPlatforms) = postSolution
		{0CDC0C48-29B5-4CC5-8182-8E6B1F791E3B}.Debug|Any CPU.ActiveCfg = Debug|Any CPU
		{0CDC0C48-29B5-4CC5-8182-8E6B1F791E3B}.Debug|Any CPU.Build.0 = Debug|Any CPU
		{0CDC0C48-29B5-4CC5-8182-8E6B1F791E3B}.Release|Any CPU.ActiveCfg = Release|Any CPU
		{0CDC0C48-29B5-4CC5-8182-8E6B1F791E3B}.Release|Any CPU.Build.0 = Release|Any CPU
	EndGlobalSection
	GlobalSection(SolutionProperties) = preSolution
		HideSolutionNode = FALSE
	EndGlobalSection
	GlobalSection(ExtensibilityGlobals) = postSolution
		SolutionGuid = {F319C8A7-9F04-4C7C-AA5D-CB43C181E09D}
	EndGlobalSection
EndGlobal
